// !$*UTF8*$!
{
	archiveVersion = 1;
	classes = {
	};
	objectVersion = 55;
	objects = {

/* Begin PBXBuildFile section */
		18896C3B27D8D923006E5843 /* AppDelegate.swift in Sources */ = {isa = PBXBuildFile; fileRef = 18896C3A27D8D923006E5843 /* AppDelegate.swift */; };
		18896C3D27D8D923006E5843 /* SceneDelegate.swift in Sources */ = {isa = PBXBuildFile; fileRef = 18896C3C27D8D923006E5843 /* SceneDelegate.swift */; };
		18896C3F27D8D923006E5843 /* ViewController.swift in Sources */ = {isa = PBXBuildFile; fileRef = 18896C3E27D8D923006E5843 /* ViewController.swift */; };
		18896C4227D8D923006E5843 /* Main.storyboard in Resources */ = {isa = PBXBuildFile; fileRef = 18896C4027D8D923006E5843 /* Main.storyboard */; };
		18896C4427D8D924006E5843 /* Assets.xcassets in Resources */ = {isa = PBXBuildFile; fileRef = 18896C4327D8D924006E5843 /* Assets.xcassets */; };
		18896C4727D8D924006E5843 /* LaunchScreen.storyboard in Resources */ = {isa = PBXBuildFile; fileRef = 18896C4527D8D924006E5843 /* LaunchScreen.storyboard */; };
		18896C5227D8D925006E5843 /* Assignment_datapassingTests.swift in Sources */ = {isa = PBXBuildFile; fileRef = 18896C5127D8D925006E5843 /* Assignment_datapassingTests.swift */; };
		18896C5C27D8D925006E5843 /* Assignment_datapassingUITests.swift in Sources */ = {isa = PBXBuildFile; fileRef = 18896C5B27D8D925006E5843 /* Assignment_datapassingUITests.swift */; };
		18896C5E27D8D925006E5843 /* Assignment_datapassingUITestsLaunchTests.swift in Sources */ = {isa = PBXBuildFile; fileRef = 18896C5D27D8D925006E5843 /* Assignment_datapassingUITestsLaunchTests.swift */; };
		18896C6B27D8DB53006E5843 /* OtherViewController.swift in Sources */ = {isa = PBXBuildFile; fileRef = 18896C6A27D8DB53006E5843 /* OtherViewController.swift */; };
		18896C6D27D8E442006E5843 /* AnotherViewController.swift in Sources */ = {isa = PBXBuildFile; fileRef = 18896C6C27D8E442006E5843 /* AnotherViewController.swift */; };
/* End PBXBuildFile section */

/* Begin PBXContainerItemProxy section */
		18896C4E27D8D925006E5843 /* PBXContainerItemProxy */ = {
			isa = PBXContainerItemProxy;
			containerPortal = 18896C2F27D8D923006E5843 /* Project object */;
			proxyType = 1;
			remoteGlobalIDString = 18896C3627D8D923006E5843;
			remoteInfo = Assignment_datapassing;
		};
		18896C5827D8D925006E5843 /* PBXContainerItemProxy */ = {
			isa = PBXContainerItemProxy;
			containerPortal = 18896C2F27D8D923006E5843 /* Project object */;
			proxyType = 1;
			remoteGlobalIDString = 18896C3627D8D923006E5843;
			remoteInfo = Assignment_datapassing;
		};
/* End PBXContainerItemProxy section */

/* Begin PBXFileReference section */
		18896C3727D8D923006E5843 /* Assignment_datapassing.app */ = {isa = PBXFileReference; explicitFileType = wrapper.application; includeInIndex = 0; path = Assignment_datapassing.app; sourceTree = BUILT_PRODUCTS_DIR; };
		18896C3A27D8D923006E5843 /* AppDelegate.swift */ = {isa = PBXFileReference; lastKnownFileType = sourcecode.swift; path = AppDelegate.swift; sourceTree = "<group>"; };
		18896C3C27D8D923006E5843 /* SceneDelegate.swift */ = {isa = PBXFileReference; lastKnownFileType = sourcecode.swift; path = SceneDelegate.swift; sourceTree = "<group>"; };
		18896C3E27D8D923006E5843 /* ViewController.swift */ = {isa = PBXFileReference; lastKnownFileType = sourcecode.swift; path = ViewController.swift; sourceTree = "<group>"; };
		18896C4127D8D923006E5843 /* Base */ = {isa = PBXFileReference; lastKnownFileType = file.storyboard; name = Base; path = Base.lproj/Main.storyboard; sourceTree = "<group>"; };
		18896C4327D8D924006E5843 /* Assets.xcassets */ = {isa = PBXFileReference; lastKnownFileType = folder.assetcatalog; path = Assets.xcassets; sourceTree = "<group>"; };
		18896C4627D8D924006E5843 /* Base */ = {isa = PBXFileReference; lastKnownFileType = file.storyboard; name = Base; path = Base.lproj/LaunchScreen.storyboard; sourceTree = "<group>"; };
		18896C4827D8D924006E5843 /* Info.plist */ = {isa = PBXFileReference; lastKnownFileType = text.plist.xml; path = Info.plist; sourceTree = "<group>"; };
		18896C4D27D8D925006E5843 /* Assignment_datapassingTests.xctest */ = {isa = PBXFileReference; explicitFileType = wrapper.cfbundle; includeInIndex = 0; path = Assignment_datapassingTests.xctest; sourceTree = BUILT_PRODUCTS_DIR; };
		18896C5127D8D925006E5843 /* Assignment_datapassingTests.swift */ = {isa = PBXFileReference; lastKnownFileType = sourcecode.swift; path = Assignment_datapassingTests.swift; sourceTree = "<group>"; };
		18896C5727D8D925006E5843 /* Assignment_datapassingUITests.xctest */ = {isa = PBXFileReference; explicitFileType = wrapper.cfbundle; includeInIndex = 0; path = Assignment_datapassingUITests.xctest; sourceTree = BUILT_PRODUCTS_DIR; };
		18896C5B27D8D925006E5843 /* Assignment_datapassingUITests.swift */ = {isa = PBXFileReference; lastKnownFileType = sourcecode.swift; path = Assignment_datapassingUITests.swift; sourceTree = "<group>"; };
		18896C5D27D8D925006E5843 /* Assignment_datapassingUITestsLaunchTests.swift */ = {isa = PBXFileReference; lastKnownFileType = sourcecode.swift; path = Assignment_datapassingUITestsLaunchTests.swift; sourceTree = "<group>"; };
		18896C6A27D8DB53006E5843 /* OtherViewController.swift */ = {isa = PBXFileReference; lastKnownFileType = sourcecode.swift; path = OtherViewController.swift; sourceTree = "<group>"; };
		18896C6C27D8E442006E5843 /* AnotherViewController.swift */ = {isa = PBXFileReference; lastKnownFileType = sourcecode.swift; path = AnotherViewController.swift; sourceTree = "<group>"; };
/* End PBXFileReference section */

/* Begin PBXFrameworksBuildPhase section */
		18896C3427D8D923006E5843 /* Frameworks */ = {
			isa = PBXFrameworksBuildPhase;
			buildActionMask = 2147483647;
			files = (
			);
			runOnlyForDeploymentPostprocessing = 0;
		};
		18896C4A27D8D925006E5843 /* Frameworks */ = {
			isa = PBXFrameworksBuildPhase;
			buildActionMask = 2147483647;
			files = (
			);
			runOnlyForDeploymentPostprocessing = 0;
		};
		18896C5427D8D925006E5843 /* Frameworks */ = {
			isa = PBXFrameworksBuildPhase;
			buildActionMask = 2147483647;
			files = (
			);
			runOnlyForDeploymentPostprocessing = 0;
		};
/* End PBXFrameworksBuildPhase section */

/* Begin PBXGroup section */
		18896C2E27D8D923006E5843 = {
			isa = PBXGroup;
			children = (
				18896C3927D8D923006E5843 /* Assignment_datapassing */,
				18896C5027D8D925006E5843 /* Assignment_datapassingTests */,
				18896C5A27D8D925006E5843 /* Assignment_datapassingUITests */,
				18896C3827D8D923006E5843 /* Products */,
			);
			sourceTree = "<group>";
		};
		18896C3827D8D923006E5843 /* Products */ = {
			isa = PBXGroup;
			children = (
				18896C3727D8D923006E5843 /* Assignment_datapassing.app */,
				18896C4D27D8D925006E5843 /* Assignment_datapassingTests.xctest */,
				18896C5727D8D925006E5843 /* Assignment_datapassingUITests.xctest */,
			);
			name = Products;
			sourceTree = "<group>";
		};
		18896C3927D8D923006E5843 /* Assignment_datapassing */ = {
			isa = PBXGroup;
			children = (
				18896C3A27D8D923006E5843 /* AppDelegate.swift */,
				18896C3C27D8D923006E5843 /* SceneDelegate.swift */,
				18896C3E27D8D923006E5843 /* ViewController.swift */,
				18896C4027D8D923006E5843 /* Main.storyboard */,
				18896C4327D8D924006E5843 /* Assets.xcassets */,
				18896C4527D8D924006E5843 /* LaunchScreen.storyboard */,
				18896C4827D8D924006E5843 /* Info.plist */,
				18896C6A27D8DB53006E5843 /* OtherViewController.swift */,
				18896C6C27D8E442006E5843 /* AnotherViewController.swift */,
			);
			path = Assignment_datapassing;
			sourceTree = "<group>";
		};
		18896C5027D8D925006E5843 /* Assignment_datapassingTests */ = {
			isa = PBXGroup;
			children = (
				18896C5127D8D925006E5843 /* Assignment_datapassingTests.swift */,
			);
			path = Assignment_datapassingTests;
			sourceTree = "<group>";
		};
		18896C5A27D8D925006E5843 /* Assignment_datapassingUITests */ = {
			isa = PBXGroup;
			children = (
				18896C5B27D8D925006E5843 /* Assignment_datapassingUITests.swift */,
				18896C5D27D8D925006E5843 /* Assignment_datapassingUITestsLaunchTests.swift */,
			);
			path = Assignment_datapassingUITests;
			sourceTree = "<group>";
		};
/* End PBXGroup section */

/* Begin PBXNativeTarget section */
		18896C3627D8D923006E5843 /* Assignment_datapassing */ = {
			isa = PBXNativeTarget;
			buildConfigurationList = 18896C6127D8D925006E5843 /* Build configuration list for PBXNativeTarget "Assignment_datapassing" */;
			buildPhases = (
				18896C3327D8D923006E5843 /* Sources */,
				18896C3427D8D923006E5843 /* Frameworks */,
				18896C3527D8D923006E5843 /* Resources */,
			);
			buildRules = (
			);
			dependencies = (
			);
			name = Assignment_datapassing;
			productName = Assignment_datapassing;
			productReference = 18896C3727D8D923006E5843 /* Assignment_datapassing.app */;
			productType = "com.apple.product-type.application";
		};
		18896C4C27D8D925006E5843 /* Assignment_datapassingTests */ = {
			isa = PBXNativeTarget;
			buildConfigurationList = 18896C6427D8D925006E5843 /* Build configuration list for PBXNativeTarget "Assignment_datapassingTests" */;
			buildPhases = (
				18896C4927D8D925006E5843 /* Sources */,
				18896C4A27D8D925006E5843 /* Frameworks */,
				18896C4B27D8D925006E5843 /* Resources */,
			);
			buildRules = (
			);
			dependencies = (
				18896C4F27D8D925006E5843 /* PBXTargetDependency */,
			);
			name = Assignment_datapassingTests;
			productName = Assignment_datapassingTests;
			productReference = 18896C4D27D8D925006E5843 /* Assignment_datapassingTests.xctest */;
			productType = "com.apple.product-type.bundle.unit-test";
		};
		18896C5627D8D925006E5843 /* Assignment_datapassingUITests */ = {
			isa = PBXNativeTarget;
			buildConfigurationList = 18896C6727D8D925006E5843 /* Build configuration list for PBXNativeTarget "Assignment_datapassingUITests" */;
			buildPhases = (
				18896C5327D8D925006E5843 /* Sources */,
				18896C5427D8D925006E5843 /* Frameworks */,
				18896C5527D8D925006E5843 /* Resources */,
			);
			buildRules = (
			);
			dependencies = (
				18896C5927D8D925006E5843 /* PBXTargetDependency */,
			);
			name = Assignment_datapassingUITests;
			productName = Assignment_datapassingUITests;
			productReference = 18896C5727D8D925006E5843 /* Assignment_datapassingUITests.xctest */;
			productType = "com.apple.product-type.bundle.ui-testing";
		};
/* End PBXNativeTarget section */

/* Begin PBXProject section */
		18896C2F27D8D923006E5843 /* Project object */ = {
			isa = PBXProject;
			attributes = {
				BuildIndependentTargetsInParallel = 1;
				LastSwiftUpdateCheck = 1320;
				LastUpgradeCheck = 1320;
				TargetAttributes = {
					18896C3627D8D923006E5843 = {
						CreatedOnToolsVersion = 13.2.1;
					};
					18896C4C27D8D925006E5843 = {
						CreatedOnToolsVersion = 13.2.1;
						TestTargetID = 18896C3627D8D923006E5843;
					};
					18896C5627D8D925006E5843 = {
						CreatedOnToolsVersion = 13.2.1;
						TestTargetID = 18896C3627D8D923006E5843;
					};
				};
			};
			buildConfigurationList = 18896C3227D8D923006E5843 /* Build configuration list for PBXProject "Assignment_datapassing" */;
			compatibilityVersion = "Xcode 13.0";
			developmentRegion = en;
			hasScannedForEncodings = 0;
			knownRegions = (
				en,
				Base,
			);
			mainGroup = 18896C2E27D8D923006E5843;
			productRefGroup = 18896C3827D8D923006E5843 /* Products */;
			projectDirPath = "";
			projectRoot = "";
			targets = (
				18896C3627D8D923006E5843 /* Assignment_datapassing */,
				18896C4C27D8D925006E5843 /* Assignment_datapassingTests */,
				18896C5627D8D925006E5843 /* Assignment_datapassingUITests */,
			);
		};
/* End PBXProject section */

/* Begin PBXResourcesBuildPhase section */
		18896C3527D8D923006E5843 /* Resources */ = {
			isa = PBXResourcesBuildPhase;
			buildActionMask = 2147483647;
			files = (
				18896C4727D8D924006E5843 /* LaunchScreen.storyboard in Resources */,
				18896C4427D8D924006E5843 /* Assets.xcassets in Resources */,
				18896C4227D8D923006E5843 /* Main.storyboard in Resources */,
			);
			runOnlyForDeploymentPostprocessing = 0;
		};
		18896C4B27D8D925006E5843 /* Resources */ = {
			isa = PBXResourcesBuildPhase;
			buildActionMask = 2147483647;
			files = (
			);
			runOnlyForDeploymentPostprocessing = 0;
		};
		18896C5527D8D925006E5843 /* Resources */ = {
			isa = PBXResourcesBuildPhase;
			buildActionMask = 2147483647;
			files = (
			);
			runOnlyForDeploymentPostprocessing = 0;
		};
/* End PBXResourcesBuildPhase section */

/* Begin PBXSourcesBuildPhase section */
		18896C3327D8D923006E5843 /* Sources */ = {
			isa = PBXSourcesBuildPhase;
			buildActionMask = 2147483647;
			files = (
				18896C3F27D8D923006E5843 /* ViewController.swift in Sources */,
				18896C6D27D8E442006E5843 /* AnotherViewController.swift in Sources */,
				18896C6B27D8DB53006E5843 /* OtherViewController.swift in Sources */,
				18896C3B27D8D923006E5843 /* AppDelegate.swift in Sources */,
				18896C3D27D8D923006E5843 /* SceneDelegate.swift in Sources */,
			);
			runOnlyForDeploymentPostprocessing = 0;
		};
		18896C4927D8D925006E5843 /* Sources */ = {
			isa = PBXSourcesBuildPhase;
			buildActionMask = 2147483647;
			files = (
				18896C5227D8D925006E5843 /* Assignment_datapassingTests.swift in Sources */,
			);
			runOnlyForDeploymentPostprocessing = 0;
		};
		18896C5327D8D925006E5843 /* Sources */ = {
			isa = PBXSourcesBuildPhase;
			buildActionMask = 2147483647;
			files = (
				18896C5C27D8D925006E5843 /* Assignment_datapassingUITests.swift in Sources */,
				18896C5E27D8D925006E5843 /* Assignment_datapassingUITestsLaunchTests.swift in Sources */,
			);
			runOnlyForDeploymentPostprocessing = 0;
		};
/* End PBXSourcesBuildPhase section */

/* Begin PBXTargetDependency section */
		18896C4F27D8D925006E5843 /* PBXTargetDependency */ = {
			isa = PBXTargetDependency;
			target = 18896C3627D8D923006E5843 /* Assignment_datapassing */;
			targetProxy = 18896C4E27D8D925006E5843 /* PBXContainerItemProxy */;
		};
		18896C5927D8D925006E5843 /* PBXTargetDependency */ = {
			isa = PBXTargetDependency;
			target = 18896C3627D8D923006E5843 /* Assignment_datapassing */;
			targetProxy = 18896C5827D8D925006E5843 /* PBXContainerItemProxy */;
		};
/* End PBXTargetDependency section */

/* Begin PBXVariantGroup section */
		18896C4027D8D923006E5843 /* Main.storyboard */ = {
			isa = PBXVariantGroup;
			children = (
				18896C4127D8D923006E5843 /* Base */,
			);
			name = Main.storyboard;
			sourceTree = "<group>";
		};
		18896C4527D8D924006E5843 /* LaunchScreen.storyboard */ = {
			isa = PBXVariantGroup;
			children = (
				18896C4627D8D924006E5843 /* Base */,
			);
			name = LaunchScreen.storyboard;
			sourceTree = "<group>";
		};
/* End PBXVariantGroup section */

/* Begin XCBuildConfiguration section */
		18896C5F27D8D925006E5843 /* Debug */ = {
			isa = XCBuildConfiguration;
			buildSettings = {
				ALWAYS_SEARCH_USER_PATHS = NO;
				CLANG_ANALYZER_NONNULL = YES;
				CLANG_ANALYZER_NUMBER_OBJECT_CONVERSION = YES_AGGRESSIVE;
				CLANG_CXX_LANGUAGE_STANDARD = "gnu++17";
				CLANG_CXX_LIBRARY = "libc++";
				CLANG_ENABLE_MODULES = YES;
				CLANG_ENABLE_OBJC_ARC = YES;
				CLANG_ENABLE_OBJC_WEAK = YES;
				CLANG_WARN_BLOCK_CAPTURE_AUTORELEASING = YES;
				CLANG_WARN_BOOL_CONVERSION = YES;
				CLANG_WARN_COMMA = YES;
				CLANG_WARN_CONSTANT_CONVERSION = YES;
				CLANG_WARN_DEPRECATED_OBJC_IMPLEMENTATIONS = YES;
				CLANG_WARN_DIRECT_OBJC_ISA_USAGE = YES_ERROR;
				CLANG_WARN_DOCUMENTATION_COMMENTS = YES;
				CLANG_WARN_EMPTY_BODY = YES;
				CLANG_WARN_ENUM_CONVERSION = YES;
				CLANG_WARN_INFINITE_RECURSION = YES;
				CLANG_WARN_INT_CONVERSION = YES;
				CLANG_WARN_NON_LITERAL_NULL_CONVERSION = YES;
				CLANG_WARN_OBJC_IMPLICIT_RETAIN_SELF = YES;
				CLANG_WARN_OBJC_LITERAL_CONVERSION = YES;
				CLANG_WARN_OBJC_ROOT_CLASS = YES_ERROR;
				CLANG_WARN_QUOTED_INCLUDE_IN_FRAMEWORK_HEADER = YES;
				CLANG_WARN_RANGE_LOOP_ANALYSIS = YES;
				CLANG_WARN_STRICT_PROTOTYPES = YES;
				CLANG_WARN_SUSPICIOUS_MOVE = YES;
				CLANG_WARN_UNGUARDED_AVAILABILITY = YES_AGGRESSIVE;
				CLANG_WARN_UNREACHABLE_CODE = YES;
				CLANG_WARN__DUPLICATE_METHOD_MATCH = YES;
				COPY_PHASE_STRIP = NO;
				DEBUG_INFORMATION_FORMAT = dwarf;
				ENABLE_STRICT_OBJC_MSGSEND = YES;
				ENABLE_TESTABILITY = YES;
				GCC_C_LANGUAGE_STANDARD = gnu11;
				GCC_DYNAMIC_NO_PIC = NO;
				GCC_NO_COMMON_BLOCKS = YES;
				GCC_OPTIMIZATION_LEVEL = 0;
				GCC_PREPROCESSOR_DEFINITIONS = (
					"DEBUG=1",
					"$(inherited)",
				);
				GCC_WARN_64_TO_32_BIT_CONVERSION = YES;
				GCC_WARN_ABOUT_RETURN_TYPE = YES_ERROR;
				GCC_WARN_UNDECLARED_SELECTOR = YES;
				GCC_WARN_UNINITIALIZED_AUTOS = YES_AGGRESSIVE;
				GCC_WARN_UNUSED_FUNCTION = YES;
				GCC_WARN_UNUSED_VARIABLE = YES;
				IPHONEOS_DEPLOYMENT_TARGET = 15.2;
				MTL_ENABLE_DEBUG_INFO = INCLUDE_SOURCE;
				MTL_FAST_MATH = YES;
				ONLY_ACTIVE_ARCH = YES;
				SDKROOT = iphoneos;
				SWIFT_ACTIVE_COMPILATION_CONDITIONS = DEBUG;
				SWIFT_OPTIMIZATION_LEVEL = "-Onone";
			};
			name = Debug;
		};
		18896C6027D8D925006E5843 /* Release */ = {
			isa = XCBuildConfiguration;
			buildSettings = {
				ALWAYS_SEARCH_USER_PATHS = NO;
				CLANG_ANALYZER_NONNULL = YES;
				CLANG_ANALYZER_NUMBER_OBJECT_CONVERSION = YES_AGGRESSIVE;
				CLANG_CXX_LANGUAGE_STANDARD = "gnu++17";
				CLANG_CXX_LIBRARY = "libc++";
				CLANG_ENABLE_MODULES = YES;
				CLANG_ENABLE_OBJC_ARC = YES;
				CLANG_ENABLE_OBJC_WEAK = YES;
				CLANG_WARN_BLOCK_CAPTURE_AUTORELEASING = YES;
				CLANG_WARN_BOOL_CONVERSION = YES;
				CLANG_WARN_COMMA = YES;
				CLANG_WARN_CONSTANT_CONVERSION = YES;
				CLANG_WARN_DEPRECATED_OBJC_IMPLEMENTATIONS = YES;
				CLANG_WARN_DIRECT_OBJC_ISA_USAGE = YES_ERROR;
				CLANG_WARN_DOCUMENTATION_COMMENTS = YES;
				CLANG_WARN_EMPTY_BODY = YES;
				CLANG_WARN_ENUM_CONVERSION = YES;
				CLANG_WARN_INFINITE_RECURSION = YES;
				CLANG_WARN_INT_CONVERSION = YES;
				CLANG_WARN_NON_LITERAL_NULL_CONVERSION = YES;
				CLANG_WARN_OBJC_IMPLICIT_RETAIN_SELF = YES;
				CLANG_WARN_OBJC_LITERAL_CONVERSION = YES;
				CLANG_WARN_OBJC_ROOT_CLASS = YES_ERROR;
				CLANG_WARN_QUOTED_INCLUDE_IN_FRAMEWORK_HEADER = YES;
				CLANG_WARN_RANGE_LOOP_ANALYSIS = YES;
				CLANG_WARN_STRICT_PROTOTYPES = YES;
				CLANG_WARN_SUSPICIOUS_MOVE = YES;
				CLANG_WARN_UNGUARDED_AVAILABILITY = YES_AGGRESSIVE;
				CLANG_WARN_UNREACHABLE_CODE = YES;
				CLANG_WARN__DUPLICATE_METHOD_MATCH = YES;
				COPY_PHASE_STRIP = NO;
				DEBUG_INFORMATION_FORMAT = "dwarf-with-dsym";
				ENABLE_NS_ASSERTIONS = NO;
				ENABLE_STRICT_OBJC_MSGSEND = YES;
				GCC_C_LANGUAGE_STANDARD = gnu11;
				GCC_NO_COMMON_BLOCKS = YES;
				GCC_WARN_64_TO_32_BIT_CONVERSION = YES;
				GCC_WARN_ABOUT_RETURN_TYPE = YES_ERROR;
				GCC_WARN_UNDECLARED_SELECTOR = YES;
				GCC_WARN_UNINITIALIZED_AUTOS = YES_AGGRESSIVE;
				GCC_WARN_UNUSED_FUNCTION = YES;
				GCC_WARN_UNUSED_VARIABLE = YES;
				IPHONEOS_DEPLOYMENT_TARGET = 15.2;
				MTL_ENABLE_DEBUG_INFO = NO;
				MTL_FAST_MATH = YES;
				SDKROOT = iphoneos;
				SWIFT_COMPILATION_MODE = wholemodule;
				SWIFT_OPTIMIZATION_LEVEL = "-O";
				VALIDATE_PRODUCT = YES;
			};
			name = Release;
		};
		18896C6227D8D925006E5843 /* Debug */ = {
			isa = XCBuildConfiguration;
			buildSettings = {
				ASSETCATALOG_COMPILER_APPICON_NAME = AppIcon;
				ASSETCATALOG_COMPILER_GLOBAL_ACCENT_COLOR_NAME = AccentColor;
				CODE_SIGN_STYLE = Automatic;
				CURRENT_PROJECT_VERSION = 1;
				GENERATE_INFOPLIST_FILE = YES;
				INFOPLIST_FILE = Assignment_datapassing/Info.plist;
				INFOPLIST_KEY_UIApplicationSupportsIndirectInputEvents = YES;
				INFOPLIST_KEY_UILaunchStoryboardName = LaunchScreen;
				INFOPLIST_KEY_UIMainStoryboardFile = Main;
				INFOPLIST_KEY_UISupportedInterfaceOrientations_iPad = "UIInterfaceOrientationPortrait UIInterfaceOrientationPortraitUpsideDown UIInterfaceOrientationLandscapeLeft UIInterfaceOrientationLandscapeRight";
				INFOPLIST_KEY_UISupportedInterfaceOrientations_iPhone = "UIInterfaceOrientationPortrait UIInterfaceOrientationLandscapeLeft UIInterfaceOrientationLandscapeRight";
				LD_RUNPATH_SEARCH_PATHS = (
					"$(inherited)",
					"@executable_path/Frameworks",
				);
				MARKETING_VERSION = 1.0;
				PRODUCT_BUNDLE_IDENTIFIER = "second.Assignment-datapassing";
				PRODUCT_NAME = "$(TARGET_NAME)";
				SWIFT_EMIT_LOC_STRINGS = YES;
				SWIFT_VERSION = 5.0;
				TARGETED_DEVICE_FAMILY = "1,2";
			};
			name = Debug;
		};
		18896C6327D8D925006E5843 /* Release */ = {
			isa = XCBuildConfiguration;
			buildSettings = {
				ASSETCATALOG_COMPILER_APPICON_NAME = AppIcon;
				ASSETCATALOG_COMPILER_GLOBAL_ACCENT_COLOR_NAME = AccentColor;
				CODE_SIGN_STYLE = Automatic;
				CURRENT_PROJECT_VERSION = 1;
				GENERATE_INFOPLIST_FILE = YES;
				INFOPLIST_FILE = Assignment_datapassing/Info.plist;
				INFOPLIST_KEY_UIApplicationSupportsIndirectInputEvents = YES;
				INFOPLIST_KEY_UILaunchStoryboardName = LaunchScreen;
				INFOPLIST_KEY_UIMainStoryboardFile = Main;
				INFOPLIST_KEY_UISupportedInterfaceOrientations_iPad = "UIInterfaceOrientationPortrait UIInterfaceOrientationPortraitUpsideDown UIInterfaceOrientationLandscapeLeft UIInterfaceOrientationLandscapeRight";
				INFOPLIST_KEY_UISupportedInterfaceOrientations_iPhone = "UIInterfaceOrientationPortrait UIInterfaceOrientationLandscapeLeft UIInterfaceOrientationLandscapeRight";
				LD_RUNPATH_SEARCH_PATHS = (
					"$(inherited)",
					"@executable_path/Frameworks",
				);
				MARKETING_VERSION = 1.0;
				PRODUCT_BUNDLE_IDENTIFIER = "second.Assignment-datapassing";
				PRODUCT_NAME = "$(TARGET_NAME)";
				SWIFT_EMIT_LOC_STRINGS = YES;
				SWIFT_VERSION = 5.0;
				TARGETED_DEVICE_FAMILY = "1,2";
			};
			name = Release;
		};
		18896C6527D8D925006E5843 /* Debug */ = {
			isa = XCBuildConfiguration;
			buildSettings = {
				ALWAYS_EMBED_SWIFT_STANDARD_LIBRARIES = YES;
				BUNDLE_LOADER = "$(TEST_HOST)";
				CODE_SIGN_STYLE = Automatic;
				CURRENT_PROJECT_VERSION = 1;
				GENERATE_INFOPLIST_FILE = YES;
				IPHONEOS_DEPLOYMENT_TARGET = 15.2;
				MARKETING_VERSION = 1.0;
				PRODUCT_BUNDLE_IDENTIFIER = "second.Assignment-datapassingTests";
				PRODUCT_NAME = "$(TARGET_NAME)";
				SWIFT_EMIT_LOC_STRINGS = NO;
				SWIFT_VERSION = 5.0;
				TARGETED_DEVICE_FAMILY = "1,2";
				TEST_HOST = "$(BUILT_PRODUCTS_DIR)/Assignment_datapassing.app/Assignment_datapassing";
			};
			name = Debug;
		};
		18896C6627D8D925006E5843 /* Release */ = {
			isa = XCBuildConfiguration;
			buildSettings = {
				ALWAYS_EMBED_SWIFT_STANDARD_LIBRARIES = YES;
				BUNDLE_LOADER = "$(TEST_HOST)";
				CODE_SIGN_STYLE = Automatic;
				CURRENT_PROJECT_VERSION = 1;
				GENERATE_INFOPLIST_FILE = YES;
				IPHONEOS_DEPLOYMENT_TARGET = 15.2;
				MARKETING_VERSION = 1.0;
				PRODUCT_BUNDLE_IDENTIFIER = "second.Assignment-datapassingTests";
				PRODUCT_NAME = "$(TARGET_NAME)";
				SWIFT_EMIT_LOC_STRINGS = NO;
				SWIFT_VERSION = 5.0;
				TARGETED_DEVICE_FAMILY = "1,2";
				TEST_HOST = "$(BUILT_PRODUCTS_DIR)/Assignment_datapassing.app/Assignment_datapassing";
			};
			name = Release;
		};
		18896C6827D8D925006E5843 /* Debug */ = {
			isa = XCBuildConfiguration;
			buildSettings = {
				ALWAYS_EMBED_SWIFT_STANDARD_LIBRARIES = YES;
				CODE_SIGN_STYLE = Automatic;
				CURRENT_PROJECT_VERSION = 1;
				GENERATE_INFOPLIST_FILE = YES;
				MARKETING_VERSION = 1.0;
				PRODUCT_BUNDLE_IDENTIFIER = "second.Assignment-datapassingUITests";
				PRODUCT_NAME = "$(TARGET_NAME)";
				SWIFT_EMIT_LOC_STRINGS = NO;
				SWIFT_VERSION = 5.0;
				TARGETED_DEVICE_FAMILY = "1,2";
				TEST_TARGET_NAME = Assignment_datapassing;
			};
			name = Debug;
		};
		18896C6927D8D925006E5843 /* Release */ = {
			isa = XCBuildConfiguration;
			buildSettings = {
				ALWAYS_EMBED_SWIFT_STANDARD_LIBRARIES = YES;
				CODE_SIGN_STYLE = Automatic;
				CURRENT_PROJECT_VERSION = 1;
				GENERATE_INFOPLIST_FILE = YES;
				MARKETING_VERSION = 1.0;
				PRODUCT_BUNDLE_IDENTIFIER = "second.Assignment-datapassingUITests";
				PRODUCT_NAME = "$(TARGET_NAME)";
				SWIFT_EMIT_LOC_STRINGS = NO;
				SWIFT_VERSION = 5.0;
				TARGETED_DEVICE_FAMILY = "1,2";
				TEST_TARGET_NAME = Assignment_datapassing;
			};
			name = Release;
		};
/* End XCBuildConfiguration section */

/* Begin XCConfigurationList section */
		18896C3227D8D923006E5843 /* Build configuration list for PBXProject "Assignment_datapassing" */ = {
			isa = XCConfigurationList;
			buildConfigurations = (
				18896C5F27D8D925006E5843 /* Debug */,
				18896C6027D8D925006E5843 /* Release */,
			);
			defaultConfigurationIsVisible = 0;
			defaultConfigurationName = Release;
		};
		18896C6127D8D925006E5843 /* Build configuration list for PBXNativeTarget "Assignment_datapassing" */ = {
			isa = XCConfigurationList;
			buildConfigurations = (
				18896C6227D8D925006E5843 /* Debug */,
				18896C6327D8D925006E5843 /* Release */,
			);
			defaultConfigurationIsVisible = 0;
			defaultConfigurationName = Release;
		};
		18896C6427D8D925006E5843 /* Build configuration list for PBXNativeTarget "Assignment_datapassingTests" */ = {
			isa = XCConfigurationList;
			buildConfigurations = (
				18896C6527D8D925006E5843 /* Debug */,
				18896C6627D8D925006E5843 /* Release */,
			);
			defaultConfigurationIsVisible = 0;
			defaultConfigurationName = Release;
		};
		18896C6727D8D925006E5843 /* Build configuration list for PBXNativeTarget "Assignment_datapassingUITests" */ = {
			isa = XCConfigurationList;
			buildConfigurations = (
				18896C6827D8D925006E5843 /* Debug */,
				18896C6927D8D925006E5843 /* Release */,
			);
			defaultConfigurationIsVisible = 0;
			defaultConfigurationName = Release;
		};
/* End XCConfigurationList section */
	};
	rootObject = 18896C2F27D8D923006E5843 /* Project object */;
}
